
Microsoft Visual Studio Solution File, Format Version 12.00
# Visual Studio 14
VisualStudioVersion = 14.0.25123.0
MinimumVisualStudioVersion = 10.0.40219.1
Project("{8BC9CEB8-8B4A-11D0-8D11-00A0C91BC942}") = "Agenda", "Win32Project1\Win32Project1.vcxproj", "{2F05E295-D42F-4903-A144-8B6308581459}"
EndProject
Project("{6141683F-8A12-4E36-9623-2EB02B2C2303}") = "Instalare", "Setup2\Instalare.isproj", "{1E0D70FA-BF76-4569-B6A5-B8DBC3458E3B}"
	ProjectSection(ProjectDependencies) = postProject
		{2F05E295-D42F-4903-A144-8B6308581459} = {2F05E295-D42F-4903-A144-8B6308581459}
	EndProjectSection
EndProject
Global
	GlobalSection(SolutionConfigurationPlatforms) = preSolution
		CD_ROM|x64 = CD_ROM|x64
		CD_ROM|x86 = CD_ROM|x86
		Debug|x64 = Debug|x64
		Debug|x86 = Debug|x86
		DVD-5|x64 = DVD-5|x64
		DVD-5|x86 = DVD-5|x86
		Release|x64 = Release|x64
		Release|x86 = Release|x86
		SingleImage|x64 = SingleImage|x64
		SingleImage|x86 = SingleImage|x86
	EndGlobalSection
	GlobalSection(ProjectConfigurationPlatforms) = postSolution
		{2F05E295-D42F-4903-A144-8B6308581459}.CD_ROM|x64.ActiveCfg = Release|x64
		{2F05E295-D42F-4903-A144-8B6308581459}.CD_ROM|x64.Build.0 = Release|x64
		{2F05E295-D42F-4903-A144-8B6308581459}.CD_ROM|x86.ActiveCfg = Release|Win32
		{2F05E295-D42F-4903-A144-8B6308581459}.CD_ROM|x86.Build.0 = Release|Win32
		{2F05E295-D42F-4903-A144-8B6308581459}.Debug|x64.ActiveCfg = Debug|x64
		{2F05E295-D42F-4903-A144-8B6308581459}.Debug|x64.Build.0 = Debug|x64
		{2F05E295-D42F-4903-A144-8B6308581459}.Debug|x86.ActiveCfg = Debug|Win32
		{2F05E295-D42F-4903-A144-8B6308581459}.Debug|x86.Build.0 = Debug|Win32
		{2F05E295-D42F-4903-A144-8B6308581459}.DVD-5|x64.ActiveCfg = Debug|x64
		{2F05E295-D42F-4903-A144-8B6308581459}.DVD-5|x64.Build.0 = Debug|x64
		{2F05E295-D42F-4903-A144-8B6308581459}.DVD-5|x86.ActiveCfg = Debug|Win32
		{2F05E295-D42F-4903-A144-8B6308581459}.DVD-5|x86.Build.0 = Debug|Win32
		{2F05E295-D42F-4903-A144-8B6308581459}.Release|x64.ActiveCfg = Release|x64
		{2F05E295-D42F-4903-A144-8B6308581459}.Release|x64.Build.0 = Release|x64
		{2F05E295-D42F-4903-A144-8B6308581459}.Release|x86.ActiveCfg = Release|Win32
		{2F05E295-D42F-4903-A144-8B6308581459}.Release|x86.Build.0 = Release|Win32
		{2F05E295-D42F-4903-A144-8B6308581459}.SingleImage|x64.ActiveCfg = Release|x64
		{2F05E295-D42F-4903-A144-8B6308581459}.SingleImage|x64.Build.0 = Release|x64
		{2F05E295-D42F-4903-A144-8B6308581459}.SingleImage|x86.ActiveCfg = Release|Win32
		{2F05E295-D42F-4903-A144-8B6308581459}.SingleImage|x86.Build.0 = Release|Win32
		{1E0D70FA-BF76-4569-B6A5-B8DBC3458E3B}.CD_ROM|x64.ActiveCfg = CD_ROM
		{1E0D70FA-BF76-4569-B6A5-B8DBC3458E3B}.CD_ROM|x64.Build.0 = CD_ROM
		{1E0D70FA-BF76-4569-B6A5-B8DBC3458E3B}.CD_ROM|x86.ActiveCfg = CD_ROM
		{1E0D70FA-BF76-4569-B6A5-B8DBC3458E3B}.CD_ROM|x86.Build.0 = CD_ROM
		{1E0D70FA-BF76-4569-B6A5-B8DBC3458E3B}.Debug|x64.ActiveCfg = DVD-5
		{1E0D70FA-BF76-4569-B6A5-B8DBC3458E3B}.Debug|x64.Build.0 = DVD-5
		{1E0D70FA-BF76-4569-B6A5-B8DBC3458E3B}.Debug|x86.ActiveCfg = DVD-5
		{1E0D70FA-BF76-4569-B6A5-B8DBC3458E3B}.Debug|x86.Build.0 = DVD-5
		{1E0D70FA-BF76-4569-B6A5-B8DBC3458E3B}.DVD-5|x64.ActiveCfg = DVD-5
		{1E0D70FA-BF76-4569-B6A5-B8DBC3458E3B}.DVD-5|x64.Build.0 = DVD-5
		{1E0D70FA-BF76-4569-B6A5-B8DBC3458E3B}.DVD-5|x86.ActiveCfg = DVD-5
		{1E0D70FA-BF76-4569-B6A5-B8DBC3458E3B}.DVD-5|x86.Build.0 = DVD-5
		{1E0D70FA-BF76-4569-B6A5-B8DBC3458E3B}.Release|x64.ActiveCfg = SingleImage
		{1E0D70FA-BF76-4569-B6A5-B8DBC3458E3B}.Release|x64.Build.0 = SingleImage
		{1E0D70FA-BF76-4569-B6A5-B8DBC3458E3B}.Release|x86.ActiveCfg = SingleImage
		{1E0D70FA-BF76-4569-B6A5-B8DBC3458E3B}.Release|x86.Build.0 = SingleImage
		{1E0D70FA-BF76-4569-B6A5-B8DBC3458E3B}.SingleImage|x64.ActiveCfg = SingleImage
		{1E0D70FA-BF76-4569-B6A5-B8DBC3458E3B}.SingleImage|x64.Build.0 = SingleImage
		{1E0D70FA-BF76-4569-B6A5-B8DBC3458E3B}.SingleImage|x86.ActiveCfg = SingleImage
		{1E0D70FA-BF76-4569-B6A5-B8DBC3458E3B}.SingleImage|x86.Build.0 = SingleImage
	EndGlobalSection
	GlobalSection(SolutionProperties) = preSolution
		HideSolutionNode = FALSE
	EndGlobalSection
EndGlobal
